// !$*UTF8*$!
{
	archiveVersion = 1;
	classes = {
	};
	objectVersion = 52;
	objects = {

/* Begin PBXBuildFile section */
		A905489825C172710053265B /* DatabaseStack.swift in Sources */ = {isa = PBXBuildFile; fileRef = A905489725C172710053265B /* DatabaseStack.swift */; };
		A905489D25C194360053265B /* DailyNewsTableViewCell.swift in Sources */ = {isa = PBXBuildFile; fileRef = A905489C25C194360053265B /* DailyNewsTableViewCell.swift */; };
		A92AC9C825BC754D00148C71 /* Swinject in Frameworks */ = {isa = PBXBuildFile; productRef = A92AC9C725BC754D00148C71 /* Swinject */; };
		A932F3FE25B9A71A0080DE75 /* NetworkServiceImpl.swift in Sources */ = {isa = PBXBuildFile; fileRef = A932F3FD25B9A71A0080DE75 /* NetworkServiceImpl.swift */; };
		A93D546125B81E8D004FC554 /* Alamofire in Frameworks */ = {isa = PBXBuildFile; productRef = A93D546025B81E8D004FC554 /* Alamofire */; };
		A93D546725B82FE5004FC554 /* NewsApi.swift in Sources */ = {isa = PBXBuildFile; fileRef = A93D546625B82FE5004FC554 /* NewsApi.swift */; };
		A93D547025B8345F004FC554 /* NetworkResponse.swift in Sources */ = {isa = PBXBuildFile; fileRef = A93D546F25B8345F004FC554 /* NetworkResponse.swift */; };
		A93D547525B83821004FC554 /* NewsArticle.swift in Sources */ = {isa = PBXBuildFile; fileRef = A93D547425B83821004FC554 /* NewsArticle.swift */; };
		A93D548825B84163004FC554 /* NetworkService.swift in Sources */ = {isa = PBXBuildFile; fileRef = A93D548725B84163004FC554 /* NetworkService.swift */; };
		A93D78DC25BAB52800C94854 /* UIImageUtils.swift in Sources */ = {isa = PBXBuildFile; fileRef = A93D78DB25BAB52800C94854 /* UIImageUtils.swift */; };
		A93D78E225BABAA100C94854 /* TopStoiesRequest.swift in Sources */ = {isa = PBXBuildFile; fileRef = A93D78E125BABAA100C94854 /* TopStoiesRequest.swift */; };
		A93D78E725BABB0500C94854 /* NetworkRequest.swift in Sources */ = {isa = PBXBuildFile; fileRef = A93D78E625BABB0500C94854 /* NetworkRequest.swift */; };
		A93D78EC25BABBBC00C94854 /* LatestNewsRequest.swift in Sources */ = {isa = PBXBuildFile; fileRef = A93D78EB25BABBBC00C94854 /* LatestNewsRequest.swift */; };
		A94072A925BFEFF30051DF71 /* BookmarksCollectionViewCell.swift in Sources */ = {isa = PBXBuildFile; fileRef = A94072A725BFEFF30051DF71 /* BookmarksCollectionViewCell.swift */; };
		A94072AA25BFEFF30051DF71 /* BookmarksCollectionViewCell.xib in Resources */ = {isa = PBXBuildFile; fileRef = A94072A825BFEFF30051DF71 /* BookmarksCollectionViewCell.xib */; };
		A94072BE25C025DF0051DF71 /* DailyNewsViewModel.swift in Sources */ = {isa = PBXBuildFile; fileRef = A94072BD25C025DF0051DF71 /* DailyNewsViewModel.swift */; };
		A94072CF25C045750051DF71 /* TableSection.swift in Sources */ = {isa = PBXBuildFile; fileRef = A94072CE25C045750051DF71 /* TableSection.swift */; };
		A94072D425C046EB0051DF71 /* ViewCellResources.swift in Sources */ = {isa = PBXBuildFile; fileRef = A94072D325C046EB0051DF71 /* ViewCellResources.swift */; };
		A94072DA25C04A980051DF71 /* NewsDetailsViewController.swift in Sources */ = {isa = PBXBuildFile; fileRef = A94072D925C04A980051DF71 /* NewsDetailsViewController.swift */; };
		A94072DF25C04AC50051DF71 /* NewsDetails.storyboard in Resources */ = {isa = PBXBuildFile; fileRef = A94072DE25C04AC50051DF71 /* NewsDetails.storyboard */; };
		A94C1A7325B4679200B5F946 /* Bookmarks.storyboard in Resources */ = {isa = PBXBuildFile; fileRef = A94C1A7225B4679200B5F946 /* Bookmarks.storyboard */; };
		A94C1A7B25B4684800B5F946 /* DailyNews.storyboard in Resources */ = {isa = PBXBuildFile; fileRef = A94C1A7A25B4684800B5F946 /* DailyNews.storyboard */; };
		A94C1A8925B46BD500B5F946 /* Settings.storyboard in Resources */ = {isa = PBXBuildFile; fileRef = A94C1A8825B46BD500B5F946 /* Settings.storyboard */; };
		A94C1AB525B4923A00B5F946 /* DailyNewsViewController.swift in Sources */ = {isa = PBXBuildFile; fileRef = A94C1AB425B4923A00B5F946 /* DailyNewsViewController.swift */; };
		A94D2F7625C2C58900826404 /* Search.storyboard in Resources */ = {isa = PBXBuildFile; fileRef = A94D2F7525C2C58900826404 /* Search.storyboard */; };
		A94D2F7B25C2C5AF00826404 /* SearchViewController.swift in Sources */ = {isa = PBXBuildFile; fileRef = A94D2F7A25C2C5AF00826404 /* SearchViewController.swift */; };
		A94D2F8125C2D27700826404 /* SearchViewModel.swift in Sources */ = {isa = PBXBuildFile; fileRef = A94D2F8025C2D27700826404 /* SearchViewModel.swift */; };
		A94D2F8825C2EF9C00826404 /* FoundNewsTableViewCell.swift in Sources */ = {isa = PBXBuildFile; fileRef = A94D2F8625C2EF9C00826404 /* FoundNewsTableViewCell.swift */; };
		A94D2F8925C2EF9C00826404 /* FoundNewsTableViewCell.xib in Resources */ = {isa = PBXBuildFile; fileRef = A94D2F8725C2EF9C00826404 /* FoundNewsTableViewCell.xib */; };
		A951111A25B6B43900B33DD7 /* FeedSectionHeaderView.xib in Resources */ = {isa = PBXBuildFile; fileRef = A951111925B6B43900B33DD7 /* FeedSectionHeaderView.xib */; };
		A951112325B6BA8900B33DD7 /* TopStoryTableViewCell.swift in Sources */ = {isa = PBXBuildFile; fileRef = A951112125B6BA8900B33DD7 /* TopStoryTableViewCell.swift */; };
		A951112425B6BA8900B33DD7 /* TopStoryTableViewCell.xib in Resources */ = {isa = PBXBuildFile; fileRef = A951112225B6BA8900B33DD7 /* TopStoryTableViewCell.xib */; };
		A951114025B6DEB600B33DD7 /* FeedSectionHeaderView.swift in Sources */ = {isa = PBXBuildFile; fileRef = A951113F25B6DEB600B33DD7 /* FeedSectionHeaderView.swift */; };
		A951115125B701D000B33DD7 /* LatestNewsTableViewCell.swift in Sources */ = {isa = PBXBuildFile; fileRef = A951114F25B701D000B33DD7 /* LatestNewsTableViewCell.swift */; };
		A951115225B701D000B33DD7 /* LatestNewsTableViewCell.xib in Resources */ = {isa = PBXBuildFile; fileRef = A951115025B701D000B33DD7 /* LatestNewsTableViewCell.xib */; };
		A951115A25B70B3100B33DD7 /* ViewCellIdentifiable.swift in Sources */ = {isa = PBXBuildFile; fileRef = A951115925B70B3100B33DD7 /* ViewCellIdentifiable.swift */; };
		A960C92125BD6186002C9C31 /* DependencyProvider.swift in Sources */ = {isa = PBXBuildFile; fileRef = A960C92025BD6186002C9C31 /* DependencyProvider.swift */; };
		A960C94925BD9CD9002C9C31 /* NewsDataModel.xcdatamodeld in Sources */ = {isa = PBXBuildFile; fileRef = A960C94725BD9CD9002C9C31 /* NewsDataModel.xcdatamodeld */; };
		A960C95725BD9E3D002C9C31 /* DatabaseService.swift in Sources */ = {isa = PBXBuildFile; fileRef = A960C95625BD9E3D002C9C31 /* DatabaseService.swift */; };
		A960C96125BD9F9F002C9C31 /* DatabaseServiceImpl.swift in Sources */ = {isa = PBXBuildFile; fileRef = A960C96025BD9F9F002C9C31 /* DatabaseServiceImpl.swift */; };
		A97955B425BECE3400005AF5 /* BookmarksDelegate.swift in Sources */ = {isa = PBXBuildFile; fileRef = A97955B325BECE3400005AF5 /* BookmarksDelegate.swift */; };
		A97955B925BEE1FE00005AF5 /* NewsTableCellViewModel.swift in Sources */ = {isa = PBXBuildFile; fileRef = A97955B825BEE1FE00005AF5 /* NewsTableCellViewModel.swift */; };
		A97955C025BF031900005AF5 /* BookmarksViewModel.swift in Sources */ = {isa = PBXBuildFile; fileRef = A97955BF25BF031900005AF5 /* BookmarksViewModel.swift */; };
		A97955C825BF057700005AF5 /* BookmarksViewController.swift in Sources */ = {isa = PBXBuildFile; fileRef = A97955C725BF057700005AF5 /* BookmarksViewController.swift */; };
		A9CADE1325B03CB50045EDBB /* AppDelegate.swift in Sources */ = {isa = PBXBuildFile; fileRef = A9CADE1225B03CB50045EDBB /* AppDelegate.swift */; };
		A9CADE1525B03CB50045EDBB /* SceneDelegate.swift in Sources */ = {isa = PBXBuildFile; fileRef = A9CADE1425B03CB50045EDBB /* SceneDelegate.swift */; };
		A9CADE1A25B03CB50045EDBB /* Main.storyboard in Resources */ = {isa = PBXBuildFile; fileRef = A9CADE1825B03CB50045EDBB /* Main.storyboard */; };
		A9CADE1C25B03CB60045EDBB /* Assets.xcassets in Resources */ = {isa = PBXBuildFile; fileRef = A9CADE1B25B03CB60045EDBB /* Assets.xcassets */; };
		A9CADE1F25B03CB60045EDBB /* LaunchScreen.storyboard in Resources */ = {isa = PBXBuildFile; fileRef = A9CADE1D25B03CB60045EDBB /* LaunchScreen.storyboard */; };
		A9CADE2A25B03CB70045EDBB /* GazettaIOSTests.swift in Sources */ = {isa = PBXBuildFile; fileRef = A9CADE2925B03CB70045EDBB /* GazettaIOSTests.swift */; };
		A9CADE3525B03CB70045EDBB /* GazettaIOSUITests.swift in Sources */ = {isa = PBXBuildFile; fileRef = A9CADE3425B03CB70045EDBB /* GazettaIOSUITests.swift */; };
/* End PBXBuildFile section */

/* Begin PBXContainerItemProxy section */
		A9CADE2625B03CB70045EDBB /* PBXContainerItemProxy */ = {
			isa = PBXContainerItemProxy;
			containerPortal = A9CADE0725B03CB50045EDBB /* Project object */;
			proxyType = 1;
			remoteGlobalIDString = A9CADE0E25B03CB50045EDBB;
			remoteInfo = GazettaIOS;
		};
		A9CADE3125B03CB70045EDBB /* PBXContainerItemProxy */ = {
			isa = PBXContainerItemProxy;
			containerPortal = A9CADE0725B03CB50045EDBB /* Project object */;
			proxyType = 1;
			remoteGlobalIDString = A9CADE0E25B03CB50045EDBB;
			remoteInfo = GazettaIOS;
		};
/* End PBXContainerItemProxy section */

/* Begin PBXFileReference section */
		A905489725C172710053265B /* DatabaseStack.swift */ = {isa = PBXFileReference; lastKnownFileType = sourcecode.swift; path = DatabaseStack.swift; sourceTree = "<group>"; };
		A905489C25C194360053265B /* DailyNewsTableViewCell.swift */ = {isa = PBXFileReference; lastKnownFileType = sourcecode.swift; path = DailyNewsTableViewCell.swift; sourceTree = "<group>"; };
		A932F3FD25B9A71A0080DE75 /* NetworkServiceImpl.swift */ = {isa = PBXFileReference; lastKnownFileType = sourcecode.swift; path = NetworkServiceImpl.swift; sourceTree = "<group>"; };
		A93D546625B82FE5004FC554 /* NewsApi.swift */ = {isa = PBXFileReference; lastKnownFileType = sourcecode.swift; path = NewsApi.swift; sourceTree = "<group>"; };
		A93D546F25B8345F004FC554 /* NetworkResponse.swift */ = {isa = PBXFileReference; lastKnownFileType = sourcecode.swift; path = NetworkResponse.swift; sourceTree = "<group>"; };
		A93D547425B83821004FC554 /* NewsArticle.swift */ = {isa = PBXFileReference; lastKnownFileType = sourcecode.swift; path = NewsArticle.swift; sourceTree = "<group>"; };
		A93D548725B84163004FC554 /* NetworkService.swift */ = {isa = PBXFileReference; lastKnownFileType = sourcecode.swift; path = NetworkService.swift; sourceTree = "<group>"; };
		A93D78DB25BAB52800C94854 /* UIImageUtils.swift */ = {isa = PBXFileReference; lastKnownFileType = sourcecode.swift; path = UIImageUtils.swift; sourceTree = "<group>"; };
		A93D78E125BABAA100C94854 /* TopStoiesRequest.swift */ = {isa = PBXFileReference; lastKnownFileType = sourcecode.swift; path = TopStoiesRequest.swift; sourceTree = "<group>"; };
		A93D78E625BABB0500C94854 /* NetworkRequest.swift */ = {isa = PBXFileReference; lastKnownFileType = sourcecode.swift; path = NetworkRequest.swift; sourceTree = "<group>"; };
		A93D78EB25BABBBC00C94854 /* LatestNewsRequest.swift */ = {isa = PBXFileReference; lastKnownFileType = sourcecode.swift; path = LatestNewsRequest.swift; sourceTree = "<group>"; };
		A94072A725BFEFF30051DF71 /* BookmarksCollectionViewCell.swift */ = {isa = PBXFileReference; lastKnownFileType = sourcecode.swift; path = BookmarksCollectionViewCell.swift; sourceTree = "<group>"; };
		A94072A825BFEFF30051DF71 /* BookmarksCollectionViewCell.xib */ = {isa = PBXFileReference; lastKnownFileType = file.xib; path = BookmarksCollectionViewCell.xib; sourceTree = "<group>"; };
		A94072BD25C025DF0051DF71 /* DailyNewsViewModel.swift */ = {isa = PBXFileReference; lastKnownFileType = sourcecode.swift; path = DailyNewsViewModel.swift; sourceTree = "<group>"; };
		A94072CE25C045750051DF71 /* TableSection.swift */ = {isa = PBXFileReference; lastKnownFileType = sourcecode.swift; path = TableSection.swift; sourceTree = "<group>"; };
		A94072D325C046EB0051DF71 /* ViewCellResources.swift */ = {isa = PBXFileReference; lastKnownFileType = sourcecode.swift; path = ViewCellResources.swift; sourceTree = "<group>"; };
		A94072D925C04A980051DF71 /* NewsDetailsViewController.swift */ = {isa = PBXFileReference; lastKnownFileType = sourcecode.swift; path = NewsDetailsViewController.swift; sourceTree = "<group>"; };
		A94072DE25C04AC50051DF71 /* NewsDetails.storyboard */ = {isa = PBXFileReference; lastKnownFileType = file.storyboard; path = NewsDetails.storyboard; sourceTree = "<group>"; };
		A94C1A7225B4679200B5F946 /* Bookmarks.storyboard */ = {isa = PBXFileReference; lastKnownFileType = file.storyboard; path = Bookmarks.storyboard; sourceTree = "<group>"; };
		A94C1A7A25B4684800B5F946 /* DailyNews.storyboard */ = {isa = PBXFileReference; lastKnownFileType = file.storyboard; path = DailyNews.storyboard; sourceTree = "<group>"; };
		A94C1A8825B46BD500B5F946 /* Settings.storyboard */ = {isa = PBXFileReference; lastKnownFileType = file.storyboard; path = Settings.storyboard; sourceTree = "<group>"; };
		A94C1AB425B4923A00B5F946 /* DailyNewsViewController.swift */ = {isa = PBXFileReference; lastKnownFileType = sourcecode.swift; path = DailyNewsViewController.swift; sourceTree = "<group>"; };
		A94D2F7525C2C58900826404 /* Search.storyboard */ = {isa = PBXFileReference; lastKnownFileType = file.storyboard; path = Search.storyboard; sourceTree = "<group>"; };
		A94D2F7A25C2C5AF00826404 /* SearchViewController.swift */ = {isa = PBXFileReference; lastKnownFileType = sourcecode.swift; path = SearchViewController.swift; sourceTree = "<group>"; };
		A94D2F8025C2D27700826404 /* SearchViewModel.swift */ = {isa = PBXFileReference; lastKnownFileType = sourcecode.swift; path = SearchViewModel.swift; sourceTree = "<group>"; };
		A94D2F8625C2EF9C00826404 /* FoundNewsTableViewCell.swift */ = {isa = PBXFileReference; lastKnownFileType = sourcecode.swift; path = FoundNewsTableViewCell.swift; sourceTree = "<group>"; };
		A94D2F8725C2EF9C00826404 /* FoundNewsTableViewCell.xib */ = {isa = PBXFileReference; lastKnownFileType = file.xib; path = FoundNewsTableViewCell.xib; sourceTree = "<group>"; };
		A951111925B6B43900B33DD7 /* FeedSectionHeaderView.xib */ = {isa = PBXFileReference; lastKnownFileType = file.xib; path = FeedSectionHeaderView.xib; sourceTree = "<group>"; };
		A951112125B6BA8900B33DD7 /* TopStoryTableViewCell.swift */ = {isa = PBXFileReference; lastKnownFileType = sourcecode.swift; path = TopStoryTableViewCell.swift; sourceTree = "<group>"; };
		A951112225B6BA8900B33DD7 /* TopStoryTableViewCell.xib */ = {isa = PBXFileReference; lastKnownFileType = file.xib; path = TopStoryTableViewCell.xib; sourceTree = "<group>"; };
		A951113F25B6DEB600B33DD7 /* FeedSectionHeaderView.swift */ = {isa = PBXFileReference; lastKnownFileType = sourcecode.swift; path = FeedSectionHeaderView.swift; sourceTree = "<group>"; };
		A951114F25B701D000B33DD7 /* LatestNewsTableViewCell.swift */ = {isa = PBXFileReference; lastKnownFileType = sourcecode.swift; path = LatestNewsTableViewCell.swift; sourceTree = "<group>"; };
		A951115025B701D000B33DD7 /* LatestNewsTableViewCell.xib */ = {isa = PBXFileReference; lastKnownFileType = file.xib; path = LatestNewsTableViewCell.xib; sourceTree = "<group>"; };
		A951115925B70B3100B33DD7 /* ViewCellIdentifiable.swift */ = {isa = PBXFileReference; lastKnownFileType = sourcecode.swift; path = ViewCellIdentifiable.swift; sourceTree = "<group>"; };
		A960C92025BD6186002C9C31 /* DependencyProvider.swift */ = {isa = PBXFileReference; lastKnownFileType = sourcecode.swift; path = DependencyProvider.swift; sourceTree = "<group>"; };
		A960C94825BD9CD9002C9C31 /* NewsDataModel.xcdatamodel */ = {isa = PBXFileReference; lastKnownFileType = wrapper.xcdatamodel; path = NewsDataModel.xcdatamodel; sourceTree = "<group>"; };
		A960C95625BD9E3D002C9C31 /* DatabaseService.swift */ = {isa = PBXFileReference; lastKnownFileType = sourcecode.swift; path = DatabaseService.swift; sourceTree = "<group>"; };
		A960C96025BD9F9F002C9C31 /* DatabaseServiceImpl.swift */ = {isa = PBXFileReference; lastKnownFileType = sourcecode.swift; path = DatabaseServiceImpl.swift; sourceTree = "<group>"; };
		A97955B325BECE3400005AF5 /* BookmarksDelegate.swift */ = {isa = PBXFileReference; lastKnownFileType = sourcecode.swift; path = BookmarksDelegate.swift; sourceTree = "<group>"; };
		A97955B825BEE1FE00005AF5 /* NewsTableCellViewModel.swift */ = {isa = PBXFileReference; lastKnownFileType = sourcecode.swift; path = NewsTableCellViewModel.swift; sourceTree = "<group>"; };
		A97955BF25BF031900005AF5 /* BookmarksViewModel.swift */ = {isa = PBXFileReference; lastKnownFileType = sourcecode.swift; path = BookmarksViewModel.swift; sourceTree = "<group>"; };
		A97955C725BF057700005AF5 /* BookmarksViewController.swift */ = {isa = PBXFileReference; lastKnownFileType = sourcecode.swift; path = BookmarksViewController.swift; sourceTree = "<group>"; };
		A9CADE0F25B03CB50045EDBB /* GazettaIOS.app */ = {isa = PBXFileReference; explicitFileType = wrapper.application; includeInIndex = 0; path = GazettaIOS.app; sourceTree = BUILT_PRODUCTS_DIR; };
		A9CADE1225B03CB50045EDBB /* AppDelegate.swift */ = {isa = PBXFileReference; lastKnownFileType = sourcecode.swift; path = AppDelegate.swift; sourceTree = "<group>"; };
		A9CADE1425B03CB50045EDBB /* SceneDelegate.swift */ = {isa = PBXFileReference; lastKnownFileType = sourcecode.swift; path = SceneDelegate.swift; sourceTree = "<group>"; };
		A9CADE1925B03CB50045EDBB /* Base */ = {isa = PBXFileReference; lastKnownFileType = file.storyboard; name = Base; path = Base.lproj/Main.storyboard; sourceTree = "<group>"; };
		A9CADE1B25B03CB60045EDBB /* Assets.xcassets */ = {isa = PBXFileReference; lastKnownFileType = folder.assetcatalog; path = Assets.xcassets; sourceTree = "<group>"; };
		A9CADE1E25B03CB60045EDBB /* Base */ = {isa = PBXFileReference; lastKnownFileType = file.storyboard; name = Base; path = Base.lproj/LaunchScreen.storyboard; sourceTree = "<group>"; };
		A9CADE2025B03CB60045EDBB /* Info.plist */ = {isa = PBXFileReference; lastKnownFileType = text.plist.xml; path = Info.plist; sourceTree = "<group>"; };
		A9CADE2525B03CB70045EDBB /* GazettaIOSTests.xctest */ = {isa = PBXFileReference; explicitFileType = wrapper.cfbundle; includeInIndex = 0; path = GazettaIOSTests.xctest; sourceTree = BUILT_PRODUCTS_DIR; };
		A9CADE2925B03CB70045EDBB /* GazettaIOSTests.swift */ = {isa = PBXFileReference; lastKnownFileType = sourcecode.swift; path = GazettaIOSTests.swift; sourceTree = "<group>"; };
		A9CADE2B25B03CB70045EDBB /* Info.plist */ = {isa = PBXFileReference; lastKnownFileType = text.plist.xml; path = Info.plist; sourceTree = "<group>"; };
		A9CADE3025B03CB70045EDBB /* GazettaIOSUITests.xctest */ = {isa = PBXFileReference; explicitFileType = wrapper.cfbundle; includeInIndex = 0; path = GazettaIOSUITests.xctest; sourceTree = BUILT_PRODUCTS_DIR; };
		A9CADE3425B03CB70045EDBB /* GazettaIOSUITests.swift */ = {isa = PBXFileReference; lastKnownFileType = sourcecode.swift; path = GazettaIOSUITests.swift; sourceTree = "<group>"; };
		A9CADE3625B03CB70045EDBB /* Info.plist */ = {isa = PBXFileReference; lastKnownFileType = text.plist.xml; path = Info.plist; sourceTree = "<group>"; };
/* End PBXFileReference section */

/* Begin PBXFrameworksBuildPhase section */
		A9CADE0C25B03CB50045EDBB /* Frameworks */ = {
			isa = PBXFrameworksBuildPhase;
			buildActionMask = 2147483647;
			files = (
				A93D546125B81E8D004FC554 /* Alamofire in Frameworks */,
				A92AC9C825BC754D00148C71 /* Swinject in Frameworks */,
			);
			runOnlyForDeploymentPostprocessing = 0;
		};
		A9CADE2225B03CB70045EDBB /* Frameworks */ = {
			isa = PBXFrameworksBuildPhase;
			buildActionMask = 2147483647;
			files = (
			);
			runOnlyForDeploymentPostprocessing = 0;
		};
		A9CADE2D25B03CB70045EDBB /* Frameworks */ = {
			isa = PBXFrameworksBuildPhase;
			buildActionMask = 2147483647;
			files = (
			);
			runOnlyForDeploymentPostprocessing = 0;
		};
/* End PBXFrameworksBuildPhase section */

/* Begin PBXGroup section */
		A90548AD25C19A9C0053265B /* Cell */ = {
			isa = PBXGroup;
			children = (
				A94072A725BFEFF30051DF71 /* BookmarksCollectionViewCell.swift */,
				A94072A825BFEFF30051DF71 /* BookmarksCollectionViewCell.xib */,
			);
			path = Cell;
			sourceTree = "<group>";
		};
		A92AC9CC25BC769E00148C71 /* Dependency */ = {
			isa = PBXGroup;
			children = (
				A960C92025BD6186002C9C31 /* DependencyProvider.swift */,
			);
			path = Dependency;
			sourceTree = "<group>";
		};
		A93D546525B82B7A004FC554 /* Service */ = {
			isa = PBXGroup;
			children = (
				A960C94D25BD9DEB002C9C31 /* Database */,
				A93D548625B8411F004FC554 /* Network */,
			);
			path = Service;
			sourceTree = "<group>";
		};
		A93D546E25B83421004FC554 /* Network */ = {
			isa = PBXGroup;
			children = (
				A93D78E025BABA7E00C94854 /* Request */,
				A93D546625B82FE5004FC554 /* NewsApi.swift */,
				A93D546F25B8345F004FC554 /* NetworkResponse.swift */,
			);
			path = Network;
			sourceTree = "<group>";
		};
		A93D548625B8411F004FC554 /* Network */ = {
			isa = PBXGroup;
			children = (
				A93D548725B84163004FC554 /* NetworkService.swift */,
				A932F3FD25B9A71A0080DE75 /* NetworkServiceImpl.swift */,
			);
			path = Network;
			sourceTree = "<group>";
		};
		A93D78DA25BAB51300C94854 /* Utils */ = {
			isa = PBXGroup;
			children = (
				A93D78DB25BAB52800C94854 /* UIImageUtils.swift */,
			);
			path = Utils;
			sourceTree = "<group>";
		};
		A93D78E025BABA7E00C94854 /* Request */ = {
			isa = PBXGroup;
			children = (
				A93D78E625BABB0500C94854 /* NetworkRequest.swift */,
				A93D78E125BABAA100C94854 /* TopStoiesRequest.swift */,
				A93D78EB25BABBBC00C94854 /* LatestNewsRequest.swift */,
			);
			path = Request;
			sourceTree = "<group>";
		};
		A94072CD25C045670051DF71 /* Table */ = {
			isa = PBXGroup;
			children = (
				A94072CE25C045750051DF71 /* TableSection.swift */,
			);
			path = Table;
			sourceTree = "<group>";
		};
		A94072D825C04A380051DF71 /* NewsDetails */ = {
			isa = PBXGroup;
			children = (
				A94072D925C04A980051DF71 /* NewsDetailsViewController.swift */,
				A94072DE25C04AC50051DF71 /* NewsDetails.storyboard */,
			);
			path = NewsDetails;
			sourceTree = "<group>";
		};
		A94C1A7125B4676F00B5F946 /* View */ = {
			isa = PBXGroup;
			children = (
				A94D2F7425C2C55F00826404 /* Search */,
				A951116125B70CBC00B33DD7 /* Common */,
				A951111825B6B41400B33DD7 /* Custom */,
				A94072D825C04A380051DF71 /* NewsDetails */,
				A94C1A8E25B46EF800B5F946 /* Main */,
				A94C1A8025B468B800B5F946 /* DailyNews */,
				A94C1A7F25B468AC00B5F946 /* Bookmarks */,
				A94C1A8425B468C700B5F946 /* Settings */,
			);
			path = View;
			sourceTree = "<group>";
		};
		A94C1A7F25B468AC00B5F946 /* Bookmarks */ = {
			isa = PBXGroup;
			children = (
				A90548AD25C19A9C0053265B /* Cell */,
				A94C1A7225B4679200B5F946 /* Bookmarks.storyboard */,
				A97955C725BF057700005AF5 /* BookmarksViewController.swift */,
			);
			path = Bookmarks;
			sourceTree = "<group>";
		};
		A94C1A8025B468B800B5F946 /* DailyNews */ = {
			isa = PBXGroup;
			children = (
				A951112825B6BA8E00B33DD7 /* Cell */,
				A94C1A7A25B4684800B5F946 /* DailyNews.storyboard */,
				A94C1AB425B4923A00B5F946 /* DailyNewsViewController.swift */,
			);
			path = DailyNews;
			sourceTree = "<group>";
		};
		A94C1A8425B468C700B5F946 /* Settings */ = {
			isa = PBXGroup;
			children = (
				A94C1A8825B46BD500B5F946 /* Settings.storyboard */,
			);
			path = Settings;
			sourceTree = "<group>";
		};
		A94C1A8D25B46EA700B5F946 /* System */ = {
			isa = PBXGroup;
			children = (
				A9CADE1225B03CB50045EDBB /* AppDelegate.swift */,
				A9CADE1425B03CB50045EDBB /* SceneDelegate.swift */,
			);
			path = System;
			sourceTree = "<group>";
		};
		A94C1A8E25B46EF800B5F946 /* Main */ = {
			isa = PBXGroup;
			children = (
				A9CADE1825B03CB50045EDBB /* Main.storyboard */,
				A9CADE1D25B03CB60045EDBB /* LaunchScreen.storyboard */,
			);
			path = Main;
			sourceTree = "<group>";
		};
		A94C1A9225B46F7600B5F946 /* ViewModel */ = {
			isa = PBXGroup;
			children = (
				A94D2F7F25C2D26500826404 /* Search */,
				A97955BE25BF02F800005AF5 /* Bookmarks */,
				A94C1AB925B4999500B5F946 /* DailyNews */,
				A97955BD25BF02E600005AF5 /* TableCell */,
			);
			path = ViewModel;
			sourceTree = "<group>";
		};
		A94C1AB925B4999500B5F946 /* DailyNews */ = {
			isa = PBXGroup;
			children = (
				A94072BD25C025DF0051DF71 /* DailyNewsViewModel.swift */,
			);
			path = DailyNews;
			sourceTree = "<group>";
		};
		A94D2F7425C2C55F00826404 /* Search */ = {
			isa = PBXGroup;
			children = (
				A94D2F8525C2EF6500826404 /* Cell */,
				A94D2F7525C2C58900826404 /* Search.storyboard */,
				A94D2F7A25C2C5AF00826404 /* SearchViewController.swift */,
			);
			path = Search;
			sourceTree = "<group>";
		};
		A94D2F7F25C2D26500826404 /* Search */ = {
			isa = PBXGroup;
			children = (
				A94D2F8025C2D27700826404 /* SearchViewModel.swift */,
			);
			path = Search;
			sourceTree = "<group>";
		};
		A94D2F8525C2EF6500826404 /* Cell */ = {
			isa = PBXGroup;
			children = (
				A94D2F8625C2EF9C00826404 /* FoundNewsTableViewCell.swift */,
				A94D2F8725C2EF9C00826404 /* FoundNewsTableViewCell.xib */,
			);
			path = Cell;
			sourceTree = "<group>";
		};
		A951111825B6B41400B33DD7 /* Custom */ = {
			isa = PBXGroup;
			children = (
				A951113E25B6DE8500B33DD7 /* FeedSectionHeader */,
			);
			path = Custom;
			sourceTree = "<group>";
		};
		A951112825B6BA8E00B33DD7 /* Cell */ = {
			isa = PBXGroup;
			children = (
				A905489C25C194360053265B /* DailyNewsTableViewCell.swift */,
				A951112125B6BA8900B33DD7 /* TopStoryTableViewCell.swift */,
				A951112225B6BA8900B33DD7 /* TopStoryTableViewCell.xib */,
				A951114F25B701D000B33DD7 /* LatestNewsTableViewCell.swift */,
				A951115025B701D000B33DD7 /* LatestNewsTableViewCell.xib */,
			);
			path = Cell;
			sourceTree = "<group>";
		};
		A951113E25B6DE8500B33DD7 /* FeedSectionHeader */ = {
			isa = PBXGroup;
			children = (
				A951113F25B6DEB600B33DD7 /* FeedSectionHeaderView.swift */,
				A951111925B6B43900B33DD7 /* FeedSectionHeaderView.xib */,
			);
			path = FeedSectionHeader;
			sourceTree = "<group>";
		};
		A951116125B70CBC00B33DD7 /* Common */ = {
			isa = PBXGroup;
			children = (
				A951115925B70B3100B33DD7 /* ViewCellIdentifiable.swift */,
				A94072D325C046EB0051DF71 /* ViewCellResources.swift */,
			);
			path = Common;
			sourceTree = "<group>";
		};
		A960C94625BD9CC3002C9C31 /* Database */ = {
			isa = PBXGroup;
			children = (
				A960C94725BD9CD9002C9C31 /* NewsDataModel.xcdatamodeld */,
				A97955B325BECE3400005AF5 /* BookmarksDelegate.swift */,
				A905489725C172710053265B /* DatabaseStack.swift */,
			);
			path = Database;
			sourceTree = "<group>";
		};
		A960C94D25BD9DEB002C9C31 /* Database */ = {
			isa = PBXGroup;
			children = (
				A960C95625BD9E3D002C9C31 /* DatabaseService.swift */,
				A960C96025BD9F9F002C9C31 /* DatabaseServiceImpl.swift */,
			);
			path = Database;
			sourceTree = "<group>";
		};
		A97955BD25BF02E600005AF5 /* TableCell */ = {
			isa = PBXGroup;
			children = (
				A97955B825BEE1FE00005AF5 /* NewsTableCellViewModel.swift */,
			);
			path = TableCell;
			sourceTree = "<group>";
		};
		A97955BE25BF02F800005AF5 /* Bookmarks */ = {
			isa = PBXGroup;
			children = (
				A97955BF25BF031900005AF5 /* BookmarksViewModel.swift */,
			);
			path = Bookmarks;
			sourceTree = "<group>";
		};
		A9CADE0625B03CB50045EDBB = {
			isa = PBXGroup;
			children = (
				A9CADE1125B03CB50045EDBB /* GazettaIOS */,
				A9CADE2825B03CB70045EDBB /* GazettaIOSTests */,
				A9CADE3325B03CB70045EDBB /* GazettaIOSUITests */,
				A9CADE1025B03CB50045EDBB /* Products */,
			);
			sourceTree = "<group>";
		};
		A9CADE1025B03CB50045EDBB /* Products */ = {
			isa = PBXGroup;
			children = (
				A9CADE0F25B03CB50045EDBB /* GazettaIOS.app */,
				A9CADE2525B03CB70045EDBB /* GazettaIOSTests.xctest */,
				A9CADE3025B03CB70045EDBB /* GazettaIOSUITests.xctest */,
			);
			name = Products;
			sourceTree = "<group>";
		};
		A9CADE1125B03CB50045EDBB /* GazettaIOS */ = {
			isa = PBXGroup;
			children = (
				A92AC9CC25BC769E00148C71 /* Dependency */,
				A94C1A8D25B46EA700B5F946 /* System */,
				A93D78DA25BAB51300C94854 /* Utils */,
				A93D546525B82B7A004FC554 /* Service */,
				A9CADE4825B073210045EDBB /* Model */,
				A94C1A7125B4676F00B5F946 /* View */,
				A94C1A9225B46F7600B5F946 /* ViewModel */,
				A9CADE1B25B03CB60045EDBB /* Assets.xcassets */,
				A9CADE2025B03CB60045EDBB /* Info.plist */,
			);
			path = GazettaIOS;
			sourceTree = "<group>";
		};
		A9CADE2825B03CB70045EDBB /* GazettaIOSTests */ = {
			isa = PBXGroup;
			children = (
				A9CADE2925B03CB70045EDBB /* GazettaIOSTests.swift */,
				A9CADE2B25B03CB70045EDBB /* Info.plist */,
			);
			path = GazettaIOSTests;
			sourceTree = "<group>";
		};
		A9CADE3325B03CB70045EDBB /* GazettaIOSUITests */ = {
			isa = PBXGroup;
			children = (
				A9CADE3425B03CB70045EDBB /* GazettaIOSUITests.swift */,
				A9CADE3625B03CB70045EDBB /* Info.plist */,
			);
			path = GazettaIOSUITests;
			sourceTree = "<group>";
		};
		A9CADE4825B073210045EDBB /* Model */ = {
			isa = PBXGroup;
			children = (
				A94072CD25C045670051DF71 /* Table */,
				A960C94625BD9CC3002C9C31 /* Database */,
				A93D546E25B83421004FC554 /* Network */,
				A93D547425B83821004FC554 /* NewsArticle.swift */,
			);
			path = Model;
			sourceTree = "<group>";
		};
/* End PBXGroup section */

/* Begin PBXNativeTarget section */
		A9CADE0E25B03CB50045EDBB /* GazettaIOS */ = {
			isa = PBXNativeTarget;
			buildConfigurationList = A9CADE3925B03CB70045EDBB /* Build configuration list for PBXNativeTarget "GazettaIOS" */;
			buildPhases = (
				A9CADE0B25B03CB50045EDBB /* Sources */,
				A9CADE0C25B03CB50045EDBB /* Frameworks */,
				A9CADE0D25B03CB50045EDBB /* Resources */,
				A905489325C171230053265B /* Lint */,
			);
			buildRules = (
			);
			dependencies = (
			);
			name = GazettaIOS;
			packageProductDependencies = (
				A93D546025B81E8D004FC554 /* Alamofire */,
				A92AC9C725BC754D00148C71 /* Swinject */,
			);
			productName = GazettaIOS;
			productReference = A9CADE0F25B03CB50045EDBB /* GazettaIOS.app */;
			productType = "com.apple.product-type.application";
		};
		A9CADE2425B03CB70045EDBB /* GazettaIOSTests */ = {
			isa = PBXNativeTarget;
			buildConfigurationList = A9CADE3C25B03CB70045EDBB /* Build configuration list for PBXNativeTarget "GazettaIOSTests" */;
			buildPhases = (
				A9CADE2125B03CB70045EDBB /* Sources */,
				A9CADE2225B03CB70045EDBB /* Frameworks */,
				A9CADE2325B03CB70045EDBB /* Resources */,
			);
			buildRules = (
			);
			dependencies = (
				A9CADE2725B03CB70045EDBB /* PBXTargetDependency */,
			);
			name = GazettaIOSTests;
			productName = GazettaIOSTests;
			productReference = A9CADE2525B03CB70045EDBB /* GazettaIOSTests.xctest */;
			productType = "com.apple.product-type.bundle.unit-test";
		};
		A9CADE2F25B03CB70045EDBB /* GazettaIOSUITests */ = {
			isa = PBXNativeTarget;
			buildConfigurationList = A9CADE3F25B03CB70045EDBB /* Build configuration list for PBXNativeTarget "GazettaIOSUITests" */;
			buildPhases = (
				A9CADE2C25B03CB70045EDBB /* Sources */,
				A9CADE2D25B03CB70045EDBB /* Frameworks */,
				A9CADE2E25B03CB70045EDBB /* Resources */,
			);
			buildRules = (
			);
			dependencies = (
				A9CADE3225B03CB70045EDBB /* PBXTargetDependency */,
			);
			name = GazettaIOSUITests;
			productName = GazettaIOSUITests;
			productReference = A9CADE3025B03CB70045EDBB /* GazettaIOSUITests.xctest */;
			productType = "com.apple.product-type.bundle.ui-testing";
		};
/* End PBXNativeTarget section */

/* Begin PBXProject section */
		A9CADE0725B03CB50045EDBB /* Project object */ = {
			isa = PBXProject;
			attributes = {
				LastSwiftUpdateCheck = 1230;
				LastUpgradeCheck = 1230;
				TargetAttributes = {
					A9CADE0E25B03CB50045EDBB = {
						CreatedOnToolsVersion = 12.3;
					};
					A9CADE2425B03CB70045EDBB = {
						CreatedOnToolsVersion = 12.3;
						TestTargetID = A9CADE0E25B03CB50045EDBB;
					};
					A9CADE2F25B03CB70045EDBB = {
						CreatedOnToolsVersion = 12.3;
						TestTargetID = A9CADE0E25B03CB50045EDBB;
					};
				};
			};
			buildConfigurationList = A9CADE0A25B03CB50045EDBB /* Build configuration list for PBXProject "GazettaIOS" */;
			compatibilityVersion = "Xcode 9.3";
			developmentRegion = en;
			hasScannedForEncodings = 0;
			knownRegions = (
				en,
				Base,
			);
			mainGroup = A9CADE0625B03CB50045EDBB;
			packageReferences = (
				A93D545F25B81E8D004FC554 /* XCRemoteSwiftPackageReference "Alamofire" */,
				A92AC9C625BC754D00148C71 /* XCRemoteSwiftPackageReference "Swinject" */,
			);
			productRefGroup = A9CADE1025B03CB50045EDBB /* Products */;
			projectDirPath = "";
			projectRoot = "";
			targets = (
				A9CADE0E25B03CB50045EDBB /* GazettaIOS */,
				A9CADE2425B03CB70045EDBB /* GazettaIOSTests */,
				A9CADE2F25B03CB70045EDBB /* GazettaIOSUITests */,
			);
		};
/* End PBXProject section */

/* Begin PBXResourcesBuildPhase section */
		A9CADE0D25B03CB50045EDBB /* Resources */ = {
			isa = PBXResourcesBuildPhase;
			buildActionMask = 2147483647;
			files = (
				A94C1A7B25B4684800B5F946 /* DailyNews.storyboard in Resources */,
				A94C1A7325B4679200B5F946 /* Bookmarks.storyboard in Resources */,
				A9CADE1F25B03CB60045EDBB /* LaunchScreen.storyboard in Resources */,
				A951115225B701D000B33DD7 /* LatestNewsTableViewCell.xib in Resources */,
				A951112425B6BA8900B33DD7 /* TopStoryTableViewCell.xib in Resources */,
				A94C1A8925B46BD500B5F946 /* Settings.storyboard in Resources */,
				A9CADE1C25B03CB60045EDBB /* Assets.xcassets in Resources */,
				A94072DF25C04AC50051DF71 /* NewsDetails.storyboard in Resources */,
				A9CADE1A25B03CB50045EDBB /* Main.storyboard in Resources */,
				A94072AA25BFEFF30051DF71 /* BookmarksCollectionViewCell.xib in Resources */,
				A94D2F7625C2C58900826404 /* Search.storyboard in Resources */,
				A951111A25B6B43900B33DD7 /* FeedSectionHeaderView.xib in Resources */,
				A94D2F8925C2EF9C00826404 /* FoundNewsTableViewCell.xib in Resources */,
			);
			runOnlyForDeploymentPostprocessing = 0;
		};
		A9CADE2325B03CB70045EDBB /* Resources */ = {
			isa = PBXResourcesBuildPhase;
			buildActionMask = 2147483647;
			files = (
			);
			runOnlyForDeploymentPostprocessing = 0;
		};
		A9CADE2E25B03CB70045EDBB /* Resources */ = {
			isa = PBXResourcesBuildPhase;
			buildActionMask = 2147483647;
			files = (
			);
			runOnlyForDeploymentPostprocessing = 0;
		};
/* End PBXResourcesBuildPhase section */

/* Begin PBXShellScriptBuildPhase section */
		A905489325C171230053265B /* Lint */ = {
			isa = PBXShellScriptBuildPhase;
			buildActionMask = 2147483647;
			files = (
			);
			inputFileListPaths = (
			);
			inputPaths = (
			);
			name = Lint;
			outputFileListPaths = (
			);
			outputPaths = (
			);
			runOnlyForDeploymentPostprocessing = 0;
			shellPath = /bin/sh;
			shellScript = "if which swiftlint >/dev/null; then\n  swiftlint\nelse\n  echo \"warning: SwiftLint not installed, download from https://github.com/realm/SwiftLint\"\nfi\n";
		};
/* End PBXShellScriptBuildPhase section */

/* Begin PBXSourcesBuildPhase section */
		A9CADE0B25B03CB50045EDBB /* Sources */ = {
			isa = PBXSourcesBuildPhase;
			buildActionMask = 2147483647;
			files = (
				A94D2F8125C2D27700826404 /* SearchViewModel.swift in Sources */,
				A97955C825BF057700005AF5 /* BookmarksViewController.swift in Sources */,
				A93D548825B84163004FC554 /* NetworkService.swift in Sources */,
				A960C94925BD9CD9002C9C31 /* NewsDataModel.xcdatamodeld in Sources */,
				A94072D425C046EB0051DF71 /* ViewCellResources.swift in Sources */,
				A905489D25C194360053265B /* DailyNewsTableViewCell.swift in Sources */,
				A94072BE25C025DF0051DF71 /* DailyNewsViewModel.swift in Sources */,
				A951115125B701D000B33DD7 /* LatestNewsTableViewCell.swift in Sources */,
				A932F3FE25B9A71A0080DE75 /* NetworkServiceImpl.swift in Sources */,
				A960C95725BD9E3D002C9C31 /* DatabaseService.swift in Sources */,
				A97955C025BF031900005AF5 /* BookmarksViewModel.swift in Sources */,
				A94D2F7B25C2C5AF00826404 /* SearchViewController.swift in Sources */,
				A97955B425BECE3400005AF5 /* BookmarksDelegate.swift in Sources */,
				A951115A25B70B3100B33DD7 /* ViewCellIdentifiable.swift in Sources */,
				A951114025B6DEB600B33DD7 /* FeedSectionHeaderView.swift in Sources */,
				A9CADE1325B03CB50045EDBB /* AppDelegate.swift in Sources */,
				A94072DA25C04A980051DF71 /* NewsDetailsViewController.swift in Sources */,
				A9CADE1525B03CB50045EDBB /* SceneDelegate.swift in Sources */,
				A94072A925BFEFF30051DF71 /* BookmarksCollectionViewCell.swift in Sources */,
				A960C92125BD6186002C9C31 /* DependencyProvider.swift in Sources */,
				A97955B925BEE1FE00005AF5 /* NewsTableCellViewModel.swift in Sources */,
				A93D78DC25BAB52800C94854 /* UIImageUtils.swift in Sources */,
				A905489825C172710053265B /* DatabaseStack.swift in Sources */,
				A93D546725B82FE5004FC554 /* NewsApi.swift in Sources */,
				A951112325B6BA8900B33DD7 /* TopStoryTableViewCell.swift in Sources */,
				A94D2F8825C2EF9C00826404 /* FoundNewsTableViewCell.swift in Sources */,
				A94072CF25C045750051DF71 /* TableSection.swift in Sources */,
				A93D78E725BABB0500C94854 /* NetworkRequest.swift in Sources */,
				A93D547025B8345F004FC554 /* NetworkResponse.swift in Sources */,
				A93D78E225BABAA100C94854 /* TopStoiesRequest.swift in Sources */,
				A93D547525B83821004FC554 /* NewsArticle.swift in Sources */,
				A94C1AB525B4923A00B5F946 /* DailyNewsViewController.swift in Sources */,
				A960C96125BD9F9F002C9C31 /* DatabaseServiceImpl.swift in Sources */,
				A93D78EC25BABBBC00C94854 /* LatestNewsRequest.swift in Sources */,
			);
			runOnlyForDeploymentPostprocessing = 0;
		};
		A9CADE2125B03CB70045EDBB /* Sources */ = {
			isa = PBXSourcesBuildPhase;
			buildActionMask = 2147483647;
			files = (
				A9CADE2A25B03CB70045EDBB /* GazettaIOSTests.swift in Sources */,
			);
			runOnlyForDeploymentPostprocessing = 0;
		};
		A9CADE2C25B03CB70045EDBB /* Sources */ = {
			isa = PBXSourcesBuildPhase;
			buildActionMask = 2147483647;
			files = (
				A9CADE3525B03CB70045EDBB /* GazettaIOSUITests.swift in Sources */,
			);
			runOnlyForDeploymentPostprocessing = 0;
		};
/* End PBXSourcesBuildPhase section */

/* Begin PBXTargetDependency section */
		A9CADE2725B03CB70045EDBB /* PBXTargetDependency */ = {
			isa = PBXTargetDependency;
			target = A9CADE0E25B03CB50045EDBB /* GazettaIOS */;
			targetProxy = A9CADE2625B03CB70045EDBB /* PBXContainerItemProxy */;
		};
		A9CADE3225B03CB70045EDBB /* PBXTargetDependency */ = {
			isa = PBXTargetDependency;
			target = A9CADE0E25B03CB50045EDBB /* GazettaIOS */;
			targetProxy = A9CADE3125B03CB70045EDBB /* PBXContainerItemProxy */;
		};
/* End PBXTargetDependency section */

/* Begin PBXVariantGroup section */
		A9CADE1825B03CB50045EDBB /* Main.storyboard */ = {
			isa = PBXVariantGroup;
			children = (
				A9CADE1925B03CB50045EDBB /* Base */,
			);
			name = Main.storyboard;
			sourceTree = "<group>";
		};
		A9CADE1D25B03CB60045EDBB /* LaunchScreen.storyboard */ = {
			isa = PBXVariantGroup;
			children = (
				A9CADE1E25B03CB60045EDBB /* Base */,
			);
			name = LaunchScreen.storyboard;
			sourceTree = "<group>";
		};
/* End PBXVariantGroup section */

/* Begin XCBuildConfiguration section */
		A9CADE3725B03CB70045EDBB /* Debug */ = {
			isa = XCBuildConfiguration;
			buildSettings = {
				ALWAYS_SEARCH_USER_PATHS = NO;
				CLANG_ANALYZER_NONNULL = YES;
				CLANG_ANALYZER_NUMBER_OBJECT_CONVERSION = YES_AGGRESSIVE;
				CLANG_CXX_LANGUAGE_STANDARD = "gnu++14";
				CLANG_CXX_LIBRARY = "libc++";
				CLANG_ENABLE_MODULES = YES;
				CLANG_ENABLE_OBJC_ARC = YES;
				CLANG_ENABLE_OBJC_WEAK = YES;
				CLANG_WARN_BLOCK_CAPTURE_AUTORELEASING = YES;
				CLANG_WARN_BOOL_CONVERSION = YES;
				CLANG_WARN_COMMA = YES;
				CLANG_WARN_CONSTANT_CONVERSION = YES;
				CLANG_WARN_DEPRECATED_OBJC_IMPLEMENTATIONS = YES;
				CLANG_WARN_DIRECT_OBJC_ISA_USAGE = YES_ERROR;
				CLANG_WARN_DOCUMENTATION_COMMENTS = YES;
				CLANG_WARN_EMPTY_BODY = YES;
				CLANG_WARN_ENUM_CONVERSION = YES;
				CLANG_WARN_INFINITE_RECURSION = YES;
				CLANG_WARN_INT_CONVERSION = YES;
				CLANG_WARN_NON_LITERAL_NULL_CONVERSION = YES;
				CLANG_WARN_OBJC_IMPLICIT_RETAIN_SELF = YES;
				CLANG_WARN_OBJC_LITERAL_CONVERSION = YES;
				CLANG_WARN_OBJC_ROOT_CLASS = YES_ERROR;
				CLANG_WARN_QUOTED_INCLUDE_IN_FRAMEWORK_HEADER = YES;
				CLANG_WARN_RANGE_LOOP_ANALYSIS = YES;
				CLANG_WARN_STRICT_PROTOTYPES = YES;
				CLANG_WARN_SUSPICIOUS_MOVE = YES;
				CLANG_WARN_UNGUARDED_AVAILABILITY = YES_AGGRESSIVE;
				CLANG_WARN_UNREACHABLE_CODE = YES;
				CLANG_WARN__DUPLICATE_METHOD_MATCH = YES;
				COPY_PHASE_STRIP = NO;
				DEBUG_INFORMATION_FORMAT = dwarf;
				ENABLE_STRICT_OBJC_MSGSEND = YES;
				ENABLE_TESTABILITY = YES;
				GCC_C_LANGUAGE_STANDARD = gnu11;
				GCC_DYNAMIC_NO_PIC = NO;
				GCC_NO_COMMON_BLOCKS = YES;
				GCC_OPTIMIZATION_LEVEL = 0;
				GCC_PREPROCESSOR_DEFINITIONS = (
					"DEBUG=1",
					"$(inherited)",
				);
				GCC_WARN_64_TO_32_BIT_CONVERSION = YES;
				GCC_WARN_ABOUT_RETURN_TYPE = YES_ERROR;
				GCC_WARN_UNDECLARED_SELECTOR = YES;
				GCC_WARN_UNINITIALIZED_AUTOS = YES_AGGRESSIVE;
				GCC_WARN_UNUSED_FUNCTION = YES;
				GCC_WARN_UNUSED_VARIABLE = YES;
				IPHONEOS_DEPLOYMENT_TARGET = 14.3;
				MTL_ENABLE_DEBUG_INFO = INCLUDE_SOURCE;
				MTL_FAST_MATH = YES;
				ONLY_ACTIVE_ARCH = YES;
				SDKROOT = iphoneos;
				SWIFT_ACTIVE_COMPILATION_CONDITIONS = DEBUG;
				SWIFT_OPTIMIZATION_LEVEL = "-Onone";
			};
			name = Debug;
		};
		A9CADE3825B03CB70045EDBB /* Release */ = {
			isa = XCBuildConfiguration;
			buildSettings = {
				ALWAYS_SEARCH_USER_PATHS = NO;
				CLANG_ANALYZER_NONNULL = YES;
				CLANG_ANALYZER_NUMBER_OBJECT_CONVERSION = YES_AGGRESSIVE;
				CLANG_CXX_LANGUAGE_STANDARD = "gnu++14";
				CLANG_CXX_LIBRARY = "libc++";
				CLANG_ENABLE_MODULES = YES;
				CLANG_ENABLE_OBJC_ARC = YES;
				CLANG_ENABLE_OBJC_WEAK = YES;
				CLANG_WARN_BLOCK_CAPTURE_AUTORELEASING = YES;
				CLANG_WARN_BOOL_CONVERSION = YES;
				CLANG_WARN_COMMA = YES;
				CLANG_WARN_CONSTANT_CONVERSION = YES;
				CLANG_WARN_DEPRECATED_OBJC_IMPLEMENTATIONS = YES;
				CLANG_WARN_DIRECT_OBJC_ISA_USAGE = YES_ERROR;
				CLANG_WARN_DOCUMENTATION_COMMENTS = YES;
				CLANG_WARN_EMPTY_BODY = YES;
				CLANG_WARN_ENUM_CONVERSION = YES;
				CLANG_WARN_INFINITE_RECURSION = YES;
				CLANG_WARN_INT_CONVERSION = YES;
				CLANG_WARN_NON_LITERAL_NULL_CONVERSION = YES;
				CLANG_WARN_OBJC_IMPLICIT_RETAIN_SELF = YES;
				CLANG_WARN_OBJC_LITERAL_CONVERSION = YES;
				CLANG_WARN_OBJC_ROOT_CLASS = YES_ERROR;
				CLANG_WARN_QUOTED_INCLUDE_IN_FRAMEWORK_HEADER = YES;
				CLANG_WARN_RANGE_LOOP_ANALYSIS = YES;
				CLANG_WARN_STRICT_PROTOTYPES = YES;
				CLANG_WARN_SUSPICIOUS_MOVE = YES;
				CLANG_WARN_UNGUARDED_AVAILABILITY = YES_AGGRESSIVE;
				CLANG_WARN_UNREACHABLE_CODE = YES;
				CLANG_WARN__DUPLICATE_METHOD_MATCH = YES;
				COPY_PHASE_STRIP = NO;
				DEBUG_INFORMATION_FORMAT = "dwarf-with-dsym";
				ENABLE_NS_ASSERTIONS = NO;
				ENABLE_STRICT_OBJC_MSGSEND = YES;
				GCC_C_LANGUAGE_STANDARD = gnu11;
				GCC_NO_COMMON_BLOCKS = YES;
				GCC_WARN_64_TO_32_BIT_CONVERSION = YES;
				GCC_WARN_ABOUT_RETURN_TYPE = YES_ERROR;
				GCC_WARN_UNDECLARED_SELECTOR = YES;
				GCC_WARN_UNINITIALIZED_AUTOS = YES_AGGRESSIVE;
				GCC_WARN_UNUSED_FUNCTION = YES;
				GCC_WARN_UNUSED_VARIABLE = YES;
				IPHONEOS_DEPLOYMENT_TARGET = 14.3;
				MTL_ENABLE_DEBUG_INFO = NO;
				MTL_FAST_MATH = YES;
				SDKROOT = iphoneos;
				SWIFT_COMPILATION_MODE = wholemodule;
				SWIFT_OPTIMIZATION_LEVEL = "-O";
				VALIDATE_PRODUCT = YES;
			};
			name = Release;
		};
		A9CADE3A25B03CB70045EDBB /* Debug */ = {
			isa = XCBuildConfiguration;
			buildSettings = {
				ASSETCATALOG_COMPILER_APPICON_NAME = AppIcon;
				ASSETCATALOG_COMPILER_GLOBAL_ACCENT_COLOR_NAME = AccentColor;
				CODE_SIGN_STYLE = Automatic;
				INFOPLIST_FILE = GazettaIOS/Info.plist;
				LD_RUNPATH_SEARCH_PATHS = (
					"$(inherited)",
					"@executable_path/Frameworks",
				);
				PRODUCT_BUNDLE_IDENTIFIER = com.schugarkub.GazettaIOS;
				PRODUCT_NAME = "$(TARGET_NAME)";
				SWIFT_VERSION = 5.0;
				TARGETED_DEVICE_FAMILY = "1,2";
			};
			name = Debug;
		};
		A9CADE3B25B03CB70045EDBB /* Release */ = {
			isa = XCBuildConfiguration;
			buildSettings = {
				ASSETCATALOG_COMPILER_APPICON_NAME = AppIcon;
				ASSETCATALOG_COMPILER_GLOBAL_ACCENT_COLOR_NAME = AccentColor;
				CODE_SIGN_STYLE = Automatic;
				INFOPLIST_FILE = GazettaIOS/Info.plist;
				LD_RUNPATH_SEARCH_PATHS = (
					"$(inherited)",
					"@executable_path/Frameworks",
				);
				PRODUCT_BUNDLE_IDENTIFIER = com.schugarkub.GazettaIOS;
				PRODUCT_NAME = "$(TARGET_NAME)";
				SWIFT_VERSION = 5.0;
				TARGETED_DEVICE_FAMILY = "1,2";
			};
			name = Release;
		};
		A9CADE3D25B03CB70045EDBB /* Debug */ = {
			isa = XCBuildConfiguration;
			buildSettings = {
				ALWAYS_EMBED_SWIFT_STANDARD_LIBRARIES = YES;
				BUNDLE_LOADER = "$(TEST_HOST)";
				CODE_SIGN_STYLE = Automatic;
				INFOPLIST_FILE = GazettaIOSTests/Info.plist;
				IPHONEOS_DEPLOYMENT_TARGET = 14.3;
				LD_RUNPATH_SEARCH_PATHS = (
					"$(inherited)",
					"@executable_path/Frameworks",
					"@loader_path/Frameworks",
				);
				PRODUCT_BUNDLE_IDENTIFIER = com.schugarkub.GazettaIOSTests;
				PRODUCT_NAME = "$(TARGET_NAME)";
				SWIFT_VERSION = 5.0;
				TARGETED_DEVICE_FAMILY = "1,2";
				TEST_HOST = "$(BUILT_PRODUCTS_DIR)/GazettaIOS.app/GazettaIOS";
			};
			name = Debug;
		};
		A9CADE3E25B03CB70045EDBB /* Release */ = {
			isa = XCBuildConfiguration;
			buildSettings = {
				ALWAYS_EMBED_SWIFT_STANDARD_LIBRARIES = YES;
				BUNDLE_LOADER = "$(TEST_HOST)";
				CODE_SIGN_STYLE = Automatic;
				INFOPLIST_FILE = GazettaIOSTests/Info.plist;
				IPHONEOS_DEPLOYMENT_TARGET = 14.3;
				LD_RUNPATH_SEARCH_PATHS = (
					"$(inherited)",
					"@executable_path/Frameworks",
					"@loader_path/Frameworks",
				);
				PRODUCT_BUNDLE_IDENTIFIER = com.schugarkub.GazettaIOSTests;
				PRODUCT_NAME = "$(TARGET_NAME)";
				SWIFT_VERSION = 5.0;
				TARGETED_DEVICE_FAMILY = "1,2";
				TEST_HOST = "$(BUILT_PRODUCTS_DIR)/GazettaIOS.app/GazettaIOS";
			};
			name = Release;
		};
		A9CADE4025B03CB70045EDBB /* Debug */ = {
			isa = XCBuildConfiguration;
			buildSettings = {
				ALWAYS_EMBED_SWIFT_STANDARD_LIBRARIES = YES;
				CODE_SIGN_STYLE = Automatic;
				INFOPLIST_FILE = GazettaIOSUITests/Info.plist;
				LD_RUNPATH_SEARCH_PATHS = (
					"$(inherited)",
					"@executable_path/Frameworks",
					"@loader_path/Frameworks",
				);
				PRODUCT_BUNDLE_IDENTIFIER = com.schugarkub.GazettaIOSUITests;
				PRODUCT_NAME = "$(TARGET_NAME)";
				SWIFT_VERSION = 5.0;
				TARGETED_DEVICE_FAMILY = "1,2";
				TEST_TARGET_NAME = GazettaIOS;
			};
			name = Debug;
		};
		A9CADE4125B03CB70045EDBB /* Release */ = {
			isa = XCBuildConfiguration;
			buildSettings = {
				ALWAYS_EMBED_SWIFT_STANDARD_LIBRARIES = YES;
				CODE_SIGN_STYLE = Automatic;
				INFOPLIST_FILE = GazettaIOSUITests/Info.plist;
				LD_RUNPATH_SEARCH_PATHS = (
					"$(inherited)",
					"@executable_path/Frameworks",
					"@loader_path/Frameworks",
				);
				PRODUCT_BUNDLE_IDENTIFIER = com.schugarkub.GazettaIOSUITests;
				PRODUCT_NAME = "$(TARGET_NAME)";
				SWIFT_VERSION = 5.0;
				TARGETED_DEVICE_FAMILY = "1,2";
				TEST_TARGET_NAME = GazettaIOS;
			};
			name = Release;
		};
/* End XCBuildConfiguration section */

/* Begin XCConfigurationList section */
		A9CADE0A25B03CB50045EDBB /* Build configuration list for PBXProject "GazettaIOS" */ = {
			isa = XCConfigurationList;
			buildConfigurations = (
				A9CADE3725B03CB70045EDBB /* Debug */,
				A9CADE3825B03CB70045EDBB /* Release */,
			);
			defaultConfigurationIsVisible = 0;
			defaultConfigurationName = Release;
		};
		A9CADE3925B03CB70045EDBB /* Build configuration list for PBXNativeTarget "GazettaIOS" */ = {
			isa = XCConfigurationList;
			buildConfigurations = (
				A9CADE3A25B03CB70045EDBB /* Debug */,
				A9CADE3B25B03CB70045EDBB /* Release */,
			);
			defaultConfigurationIsVisible = 0;
			defaultConfigurationName = Release;
		};
		A9CADE3C25B03CB70045EDBB /* Build configuration list for PBXNativeTarget "GazettaIOSTests" */ = {
			isa = XCConfigurationList;
			buildConfigurations = (
				A9CADE3D25B03CB70045EDBB /* Debug */,
				A9CADE3E25B03CB70045EDBB /* Release */,
			);
			defaultConfigurationIsVisible = 0;
			defaultConfigurationName = Release;
		};
		A9CADE3F25B03CB70045EDBB /* Build configuration list for PBXNativeTarget "GazettaIOSUITests" */ = {
			isa = XCConfigurationList;
			buildConfigurations = (
				A9CADE4025B03CB70045EDBB /* Debug */,
				A9CADE4125B03CB70045EDBB /* Release */,
			);
			defaultConfigurationIsVisible = 0;
			defaultConfigurationName = Release;
		};
/* End XCConfigurationList section */

/* Begin XCRemoteSwiftPackageReference section */
		A92AC9C625BC754D00148C71 /* XCRemoteSwiftPackageReference "Swinject" */ = {
			isa = XCRemoteSwiftPackageReference;
			repositoryURL = "https://github.com/Swinject/Swinject.git";
			requirement = {
				kind = upToNextMajorVersion;
				minimumVersion = 2.7.1;
			};
		};
		A93D545F25B81E8D004FC554 /* XCRemoteSwiftPackageReference "Alamofire" */ = {
			isa = XCRemoteSwiftPackageReference;
			repositoryURL = "https://github.com/Alamofire/Alamofire.git";
			requirement = {
				kind = upToNextMajorVersion;
				minimumVersion = 5.4.1;
			};
		};
/* End XCRemoteSwiftPackageReference section */

/* Begin XCSwiftPackageProductDependency section */
		A92AC9C725BC754D00148C71 /* Swinject */ = {
			isa = XCSwiftPackageProductDependency;
			package = A92AC9C625BC754D00148C71 /* XCRemoteSwiftPackageReference "Swinject" */;
			productName = Swinject;
		};
		A93D546025B81E8D004FC554 /* Alamofire */ = {
			isa = XCSwiftPackageProductDependency;
			package = A93D545F25B81E8D004FC554 /* XCRemoteSwiftPackageReference "Alamofire" */;
			productName = Alamofire;
		};
/* End XCSwiftPackageProductDependency section */

/* Begin XCVersionGroup section */
		A960C94725BD9CD9002C9C31 /* NewsDataModel.xcdatamodeld */ = {
			isa = XCVersionGroup;
			children = (
				A960C94825BD9CD9002C9C31 /* NewsDataModel.xcdatamodel */,
			);
			currentVersion = A960C94825BD9CD9002C9C31 /* NewsDataModel.xcdatamodel */;
			path = NewsDataModel.xcdatamodeld;
			sourceTree = "<group>";
			versionGroupType = wrapper.xcdatamodel;
		};
/* End XCVersionGroup section */
	};
	rootObject = A9CADE0725B03CB50045EDBB /* Project object */;
}
